// !$*UTF8*$!
{
	archiveVersion = 1;
	classes = {
	};
	objectVersion = 50;
	objects = {

/* Begin PBXBuildFile section */
		7D02B7FD252C162100A09235 /* IngredientType.swift in Sources */ = {isa = PBXBuildFile; fileRef = 7D02B7FC252C162100A09235 /* IngredientType.swift */; };
		7D02B7FF252C164400A09235 /* BowlType.swift in Sources */ = {isa = PBXBuildFile; fileRef = 7D02B7FE252C164400A09235 /* BowlType.swift */; };
		7D02B805252C3D6500A09235 /* XPackAPIHelper.swift in Sources */ = {isa = PBXBuildFile; fileRef = 7D02B804252C3D6500A09235 /* XPackAPIHelper.swift */; };
		7D02B807252C40B900A09235 /* .gitignore in Resources */ = {isa = PBXBuildFile; fileRef = 7D02B806252C40B900A09235 /* .gitignore */; };
		7D05C79F2536A9FD00499D32 /* BowlView.swift in Sources */ = {isa = PBXBuildFile; fileRef = 7D05C79E2536A9FD00499D32 /* BowlView.swift */; };
		7D05C7A3253749B600499D32 /* XPackModal.swift in Sources */ = {isa = PBXBuildFile; fileRef = 7D05C7A2253749B600499D32 /* XPackModal.swift */; };
		7D05C7A525374BE900499D32 /* WebService.swift in Sources */ = {isa = PBXBuildFile; fileRef = 7D05C7A425374BE900499D32 /* WebService.swift */; };
		7D05C7A825374C2500499D32 /* Resources.swift in Sources */ = {isa = PBXBuildFile; fileRef = 7D05C7A725374C2500499D32 /* Resources.swift */; };
		7D05C7AA25374C5D00499D32 /* StringCryptoHelper.swift in Sources */ = {isa = PBXBuildFile; fileRef = 7D05C7A925374C5D00499D32 /* StringCryptoHelper.swift */; };
		7D05C7AC25374C8400499D32 /* Cache.swift in Sources */ = {isa = PBXBuildFile; fileRef = 7D05C7AB25374C8400499D32 /* Cache.swift */; };
		7D05C7AE25374D0100499D32 /* URLRequest-Extension.swift in Sources */ = {isa = PBXBuildFile; fileRef = 7D05C7AD25374D0100499D32 /* URLRequest-Extension.swift */; };
		7D05C7B125374D2800499D32 /* Sample1.swift in Sources */ = {isa = PBXBuildFile; fileRef = 7D05C7B025374D2800499D32 /* Sample1.swift */; };
		7D87676D21211C4A00B0CE21 /* XPackCustomNavigation.swift in Sources */ = {isa = PBXBuildFile; fileRef = 7D87676C21211C4A00B0CE21 /* XPackCustomNavigation.swift */; };
		7D87677321211F1800B0CE21 /* HistoryTableViewController.swift in Sources */ = {isa = PBXBuildFile; fileRef = 7D87677221211F1800B0CE21 /* HistoryTableViewController.swift */; };
		7D876775212121CD00B0CE21 /* CoreDataHelper.swift in Sources */ = {isa = PBXBuildFile; fileRef = 7D876774212121CD00B0CE21 /* CoreDataHelper.swift */; };
		7DB29A6A2123C2EB00C4538B /* HistoryDetailCollectionViewController.swift in Sources */ = {isa = PBXBuildFile; fileRef = 7DB29A692123C2EB00C4538B /* HistoryDetailCollectionViewController.swift */; };
		7DB29A6C2123C5BD00C4538B /* HistoryDetail.storyboard in Resources */ = {isa = PBXBuildFile; fileRef = 7DB29A6B2123C5BD00C4538B /* HistoryDetail.storyboard */; };
		7DB29A6E2123C66F00C4538B /* HistoryDetailCollectionViewCell.swift in Sources */ = {isa = PBXBuildFile; fileRef = 7DB29A6D2123C66F00C4538B /* HistoryDetailCollectionViewCell.swift */; };
		7DB29A9521241EF400C4538B /* HistoryDetailCollectionHeader.swift in Sources */ = {isa = PBXBuildFile; fileRef = 7DB29A9421241EF400C4538B /* HistoryDetailCollectionHeader.swift */; };
		E652D2FA252CC7D900EE3ACC /* IngridientChoiceView.swift in Sources */ = {isa = PBXBuildFile; fileRef = E652D2F9252CC7D900EE3ACC /* IngridientChoiceView.swift */; };
		F40742062117E23C00F6CD12 /* AppDelegate.swift in Sources */ = {isa = PBXBuildFile; fileRef = F40742052117E23C00F6CD12 /* AppDelegate.swift */; };
		F40742082117E23C00F6CD12 /* CustomerInformationViewController.swift in Sources */ = {isa = PBXBuildFile; fileRef = F40742072117E23C00F6CD12 /* CustomerInformationViewController.swift */; };
		F407420B2117E23C00F6CD12 /* Main.storyboard in Resources */ = {isa = PBXBuildFile; fileRef = F40742092117E23C00F6CD12 /* Main.storyboard */; };
		F407420D2117E23D00F6CD12 /* Assets.xcassets in Resources */ = {isa = PBXBuildFile; fileRef = F407420C2117E23D00F6CD12 /* Assets.xcassets */; };
		F40742102117E23D00F6CD12 /* LaunchScreen.storyboard in Resources */ = {isa = PBXBuildFile; fileRef = F407420E2117E23D00F6CD12 /* LaunchScreen.storyboard */; };
		F432E628211E712A00C6C663 /* XPackColours.swift in Sources */ = {isa = PBXBuildFile; fileRef = F432E627211E712A00C6C663 /* XPackColours.swift */; };
		F432E62B211E763C00C6C663 /* PaymentMethodViewController.swift in Sources */ = {isa = PBXBuildFile; fileRef = F432E62A211E763C00C6C663 /* PaymentMethodViewController.swift */; };
		F432E62E211E7AC200C6C663 /* PaymentDetailViewController.swift in Sources */ = {isa = PBXBuildFile; fileRef = F432E62D211E7AC200C6C663 /* PaymentDetailViewController.swift */; };
		F432E631211E81E100C6C663 /* PaymentMethod.storyboard in Resources */ = {isa = PBXBuildFile; fileRef = F432E62F211E81E100C6C663 /* PaymentMethod.storyboard */; };
		F432E633211E81F300C6C663 /* PaymentDetail.storyboard in Resources */ = {isa = PBXBuildFile; fileRef = F432E632211E81F300C6C663 /* PaymentDetail.storyboard */; };
		F4892FA0211EE22F00D5B92E /* SFCompactText-Medium.otf in Resources */ = {isa = PBXBuildFile; fileRef = F4892F9D211EE22F00D5B92E /* SFCompactText-Medium.otf */; };
		F4892FA1211EE22F00D5B92E /* SFCompactText-Regular.otf in Resources */ = {isa = PBXBuildFile; fileRef = F4892F9E211EE22F00D5B92E /* SFCompactText-Regular.otf */; };
		F4892FA2211EE22F00D5B92E /* SFCompactText-Bold.otf in Resources */ = {isa = PBXBuildFile; fileRef = F4892F9F211EE22F00D5B92E /* SFCompactText-Bold.otf */; };
		F4BC77FB2119306200F1C758 /* XPack.xcdatamodeld in Sources */ = {isa = PBXBuildFile; fileRef = F4BC77F92119306200F1C758 /* XPack.xcdatamodeld */; };
		F4BC77FF2119361C00F1C758 /* IngridientSelectionViewController.swift in Sources */ = {isa = PBXBuildFile; fileRef = F4BC77FE2119361C00F1C758 /* IngridientSelectionViewController.swift */; };
		F4BC78032119375E00F1C758 /* IngridientTableViewCell.swift in Sources */ = {isa = PBXBuildFile; fileRef = F4BC78022119375E00F1C758 /* IngridientTableViewCell.swift */; };
		F4BC78062119499B00F1C758 /* Bowl.swift in Sources */ = {isa = PBXBuildFile; fileRef = F4BC78052119499B00F1C758 /* Bowl.swift */; };
		F4DA8AA3211E9BE300D02626 /* NumberHelper.swift in Sources */ = {isa = PBXBuildFile; fileRef = F4DA8AA2211E9BE300D02626 /* NumberHelper.swift */; };
		F4F2AC85211D818A00374657 /* CheckoutViewController.swift in Sources */ = {isa = PBXBuildFile; fileRef = F4F2AC84211D818A00374657 /* CheckoutViewController.swift */; };
		F4F2AC87211D852900374657 /* CheckoutItemTableViewCell.swift in Sources */ = {isa = PBXBuildFile; fileRef = F4F2AC86211D852900374657 /* CheckoutItemTableViewCell.swift */; };
		F4F2FB59211BE45B003898E6 /* CheckoutPage.storyboard in Resources */ = {isa = PBXBuildFile; fileRef = F4F2FB57211BE45B003898E6 /* CheckoutPage.storyboard */; };
		F4F2FB5B211BE4B5003898E6 /* Customer.swift in Sources */ = {isa = PBXBuildFile; fileRef = F4F2FB5A211BE4B5003898E6 /* Customer.swift */; };
		F4F430372119960200B2B859 /* IngredientData.swift in Sources */ = {isa = PBXBuildFile; fileRef = F4F430362119960200B2B859 /* IngredientData.swift */; };
		F4F430392119B5ED00B2B859 /* BowlViewController.swift in Sources */ = {isa = PBXBuildFile; fileRef = F4F430382119B5ED00B2B859 /* BowlViewController.swift */; };
		F4F4303C2119B80000B2B859 /* ChooseMenu.storyboard in Resources */ = {isa = PBXBuildFile; fileRef = F4F4303A2119B80000B2B859 /* ChooseMenu.storyboard */; };
		F4FE796E211A84F60068674F /* BowlDetailTableViewCell.swift in Sources */ = {isa = PBXBuildFile; fileRef = F4FE796D211A84F60068674F /* BowlDetailTableViewCell.swift */; };
		F4FE7970211A8D8B0068674F /* IngridientChoice.storyboard in Resources */ = {isa = PBXBuildFile; fileRef = F4FE796F211A8D8B0068674F /* IngridientChoice.storyboard */; };
/* End PBXBuildFile section */

/* Begin PBXFileReference section */
		7D02B7FC252C162100A09235 /* IngredientType.swift */ = {isa = PBXFileReference; lastKnownFileType = sourcecode.swift; path = IngredientType.swift; sourceTree = "<group>"; };
		7D02B7FE252C164400A09235 /* BowlType.swift */ = {isa = PBXFileReference; lastKnownFileType = sourcecode.swift; path = BowlType.swift; sourceTree = "<group>"; };
		7D02B804252C3D6500A09235 /* XPackAPIHelper.swift */ = {isa = PBXFileReference; lastKnownFileType = sourcecode.swift; path = XPackAPIHelper.swift; sourceTree = "<group>"; };
		7D02B806252C40B900A09235 /* .gitignore */ = {isa = PBXFileReference; lastKnownFileType = text; path = .gitignore; sourceTree = "<group>"; };
		7D05C79E2536A9FD00499D32 /* BowlView.swift */ = {isa = PBXFileReference; fileEncoding = 4; lastKnownFileType = sourcecode.swift; path = BowlView.swift; sourceTree = "<group>"; };
		7D05C7A2253749B600499D32 /* XPackModal.swift */ = {isa = PBXFileReference; lastKnownFileType = sourcecode.swift; path = XPackModal.swift; sourceTree = "<group>"; };
		7D05C7A425374BE900499D32 /* WebService.swift */ = {isa = PBXFileReference; lastKnownFileType = sourcecode.swift; name = WebService.swift; path = XPack2/Themes/UI/WebService.swift; sourceTree = SOURCE_ROOT; };
		7D05C7A725374C2500499D32 /* Resources.swift */ = {isa = PBXFileReference; lastKnownFileType = sourcecode.swift; path = Resources.swift; sourceTree = "<group>"; };
		7D05C7A925374C5D00499D32 /* StringCryptoHelper.swift */ = {isa = PBXFileReference; lastKnownFileType = sourcecode.swift; path = StringCryptoHelper.swift; sourceTree = "<group>"; };
		7D05C7AB25374C8400499D32 /* Cache.swift */ = {isa = PBXFileReference; lastKnownFileType = sourcecode.swift; path = Cache.swift; sourceTree = "<group>"; };
		7D05C7AD25374D0100499D32 /* URLRequest-Extension.swift */ = {isa = PBXFileReference; lastKnownFileType = sourcecode.swift; path = "URLRequest-Extension.swift"; sourceTree = "<group>"; };
		7D05C7B025374D2800499D32 /* Sample1.swift */ = {isa = PBXFileReference; lastKnownFileType = sourcecode.swift; path = Sample1.swift; sourceTree = "<group>"; };
		7D87676C21211C4A00B0CE21 /* XPackCustomNavigation.swift */ = {isa = PBXFileReference; fileEncoding = 4; lastKnownFileType = sourcecode.swift; path = XPackCustomNavigation.swift; sourceTree = "<group>"; };
		7D87677221211F1800B0CE21 /* HistoryTableViewController.swift */ = {isa = PBXFileReference; lastKnownFileType = sourcecode.swift; path = HistoryTableViewController.swift; sourceTree = "<group>"; };
		7D876774212121CD00B0CE21 /* CoreDataHelper.swift */ = {isa = PBXFileReference; lastKnownFileType = sourcecode.swift; path = CoreDataHelper.swift; sourceTree = "<group>"; };
		7DB29A692123C2EB00C4538B /* HistoryDetailCollectionViewController.swift */ = {isa = PBXFileReference; lastKnownFileType = sourcecode.swift; path = HistoryDetailCollectionViewController.swift; sourceTree = "<group>"; };
		7DB29A6B2123C5BD00C4538B /* HistoryDetail.storyboard */ = {isa = PBXFileReference; lastKnownFileType = file.storyboard; path = HistoryDetail.storyboard; sourceTree = "<group>"; };
		7DB29A6D2123C66F00C4538B /* HistoryDetailCollectionViewCell.swift */ = {isa = PBXFileReference; lastKnownFileType = sourcecode.swift; path = HistoryDetailCollectionViewCell.swift; sourceTree = "<group>"; };
		7DB29A9421241EF400C4538B /* HistoryDetailCollectionHeader.swift */ = {isa = PBXFileReference; lastKnownFileType = sourcecode.swift; path = HistoryDetailCollectionHeader.swift; sourceTree = "<group>"; };
		E652D2F9252CC7D900EE3ACC /* IngridientChoiceView.swift */ = {isa = PBXFileReference; lastKnownFileType = sourcecode.swift; path = IngridientChoiceView.swift; sourceTree = "<group>"; };
		F40742022117E23C00F6CD12 /* XPack2.app */ = {isa = PBXFileReference; explicitFileType = wrapper.application; includeInIndex = 0; path = XPack2.app; sourceTree = BUILT_PRODUCTS_DIR; };
		F40742052117E23C00F6CD12 /* AppDelegate.swift */ = {isa = PBXFileReference; lastKnownFileType = sourcecode.swift; path = AppDelegate.swift; sourceTree = "<group>"; };
		F40742072117E23C00F6CD12 /* CustomerInformationViewController.swift */ = {isa = PBXFileReference; lastKnownFileType = sourcecode.swift; path = CustomerInformationViewController.swift; sourceTree = "<group>"; };
		F407420A2117E23C00F6CD12 /* Base */ = {isa = PBXFileReference; lastKnownFileType = file.storyboard; name = Base; path = Base.lproj/Main.storyboard; sourceTree = "<group>"; };
		F407420C2117E23D00F6CD12 /* Assets.xcassets */ = {isa = PBXFileReference; lastKnownFileType = folder.assetcatalog; path = Assets.xcassets; sourceTree = "<group>"; };
		F407420F2117E23D00F6CD12 /* Base */ = {isa = PBXFileReference; lastKnownFileType = file.storyboard; name = Base; path = Base.lproj/LaunchScreen.storyboard; sourceTree = "<group>"; };
		F40742112117E23D00F6CD12 /* Info.plist */ = {isa = PBXFileReference; lastKnownFileType = text.plist.xml; path = Info.plist; sourceTree = "<group>"; };
		F432E627211E712A00C6C663 /* XPackColours.swift */ = {isa = PBXFileReference; lastKnownFileType = sourcecode.swift; path = XPackColours.swift; sourceTree = "<group>"; };
		F432E62A211E763C00C6C663 /* PaymentMethodViewController.swift */ = {isa = PBXFileReference; lastKnownFileType = sourcecode.swift; path = PaymentMethodViewController.swift; sourceTree = "<group>"; };
		F432E62D211E7AC200C6C663 /* PaymentDetailViewController.swift */ = {isa = PBXFileReference; lastKnownFileType = sourcecode.swift; path = PaymentDetailViewController.swift; sourceTree = "<group>"; };
		F432E630211E81E100C6C663 /* Base */ = {isa = PBXFileReference; lastKnownFileType = file.storyboard; name = Base; path = XPack2/Pages/checkout/XPack2/Pages/Bowl/XPack2/View/Base.lproj/PaymentMethod.storyboard; sourceTree = "<group>"; };
		F432E632211E81F300C6C663 /* PaymentDetail.storyboard */ = {isa = PBXFileReference; fileEncoding = 4; lastKnownFileType = file.storyboard; path = PaymentDetail.storyboard; sourceTree = "<group>"; };
		F4892F9D211EE22F00D5B92E /* SFCompactText-Medium.otf */ = {isa = PBXFileReference; lastKnownFileType = file; path = "SFCompactText-Medium.otf"; sourceTree = "<group>"; };
		F4892F9E211EE22F00D5B92E /* SFCompactText-Regular.otf */ = {isa = PBXFileReference; lastKnownFileType = file; path = "SFCompactText-Regular.otf"; sourceTree = "<group>"; };
		F4892F9F211EE22F00D5B92E /* SFCompactText-Bold.otf */ = {isa = PBXFileReference; lastKnownFileType = file; path = "SFCompactText-Bold.otf"; sourceTree = "<group>"; };
		F4BC77FA2119306200F1C758 /* XPack.xcdatamodel */ = {isa = PBXFileReference; lastKnownFileType = wrapper.xcdatamodel; path = XPack.xcdatamodel; sourceTree = "<group>"; };
		F4BC77FE2119361C00F1C758 /* IngridientSelectionViewController.swift */ = {isa = PBXFileReference; lastKnownFileType = sourcecode.swift; path = IngridientSelectionViewController.swift; sourceTree = "<group>"; };
		F4BC78022119375E00F1C758 /* IngridientTableViewCell.swift */ = {isa = PBXFileReference; lastKnownFileType = sourcecode.swift; path = IngridientTableViewCell.swift; sourceTree = "<group>"; };
		F4BC78052119499B00F1C758 /* Bowl.swift */ = {isa = PBXFileReference; lastKnownFileType = sourcecode.swift; path = Bowl.swift; sourceTree = "<group>"; };
		F4DA8AA2211E9BE300D02626 /* NumberHelper.swift */ = {isa = PBXFileReference; lastKnownFileType = sourcecode.swift; path = NumberHelper.swift; sourceTree = "<group>"; };
		F4F2AC84211D818A00374657 /* CheckoutViewController.swift */ = {isa = PBXFileReference; lastKnownFileType = sourcecode.swift; path = CheckoutViewController.swift; sourceTree = "<group>"; };
		F4F2AC86211D852900374657 /* CheckoutItemTableViewCell.swift */ = {isa = PBXFileReference; lastKnownFileType = sourcecode.swift; path = CheckoutItemTableViewCell.swift; sourceTree = "<group>"; };
		F4F2FB58211BE45B003898E6 /* Base */ = {isa = PBXFileReference; lastKnownFileType = file.storyboard; name = Base; path = XPack2/Pages/Bowl/XPack2/View/Base.lproj/CheckoutPage.storyboard; sourceTree = "<group>"; };
		F4F2FB5A211BE4B5003898E6 /* Customer.swift */ = {isa = PBXFileReference; lastKnownFileType = sourcecode.swift; path = Customer.swift; sourceTree = "<group>"; };
		F4F430362119960200B2B859 /* IngredientData.swift */ = {isa = PBXFileReference; lastKnownFileType = sourcecode.swift; path = IngredientData.swift; sourceTree = "<group>"; };
		F4F430382119B5ED00B2B859 /* BowlViewController.swift */ = {isa = PBXFileReference; lastKnownFileType = sourcecode.swift; path = BowlViewController.swift; sourceTree = "<group>"; };
		F4F4303B2119B80000B2B859 /* Base */ = {isa = PBXFileReference; lastKnownFileType = file.storyboard; name = Base; path = XPack2/View/Base.lproj/ChooseMenu.storyboard; sourceTree = "<group>"; };
		F4FE796D211A84F60068674F /* BowlDetailTableViewCell.swift */ = {isa = PBXFileReference; lastKnownFileType = sourcecode.swift; path = BowlDetailTableViewCell.swift; sourceTree = "<group>"; };
		F4FE796F211A8D8B0068674F /* IngridientChoice.storyboard */ = {isa = PBXFileReference; fileEncoding = 4; lastKnownFileType = file.storyboard; path = IngridientChoice.storyboard; sourceTree = "<group>"; };
/* End PBXFileReference section */

/* Begin PBXFrameworksBuildPhase section */
		F40741FF2117E23C00F6CD12 /* Frameworks */ = {
			isa = PBXFrameworksBuildPhase;
			buildActionMask = 2147483647;
			files = (
			);
			runOnlyForDeploymentPostprocessing = 0;
		};
/* End PBXFrameworksBuildPhase section */

/* Begin PBXGroup section */
		7D02B800252C16BB00A09235 /* UI */ = {
			isa = PBXGroup;
			children = (
				7D87676C21211C4A00B0CE21 /* XPackCustomNavigation.swift */,
				7D05C7A2253749B600499D32 /* XPackModal.swift */,
			);
			path = UI;
			sourceTree = "<group>";
		};
		7D02B803252C3D4A00A09235 /* Networking */ = {
			isa = PBXGroup;
			children = (
				7D05C7AF25374D1A00499D32 /* Example */,
				7D05C7A625374C1000499D32 /* Config */,
				7D05C7A425374BE900499D32 /* WebService.swift */,
			);
			path = Networking;
			sourceTree = "<group>";
		};
		7D05C7A625374C1000499D32 /* Config */ = {
			isa = PBXGroup;
			children = (
				7D05C7A725374C2500499D32 /* Resources.swift */,
				7D05C7AB25374C8400499D32 /* Cache.swift */,
				7D05C7AD25374D0100499D32 /* URLRequest-Extension.swift */,
			);
			path = Config;
			sourceTree = "<group>";
		};
		7D05C7AF25374D1A00499D32 /* Example */ = {
			isa = PBXGroup;
			children = (
				7D05C7B025374D2800499D32 /* Sample1.swift */,
			);
			path = Example;
			sourceTree = "<group>";
		};
		7D3D1963252C124A00FF2C7D /* Themes */ = {
			isa = PBXGroup;
			children = (
				7D02B800252C16BB00A09235 /* UI */,
				7D3D1964252C125700FF2C7D /* Colours */,
				F468E290211E863000C859DC /* Fonts */,
			);
			path = Themes;
			sourceTree = "<group>";
		};
		7D3D1964252C125700FF2C7D /* Colours */ = {
			isa = PBXGroup;
			children = (
				F432E627211E712A00C6C663 /* XPackColours.swift */,
			);
			path = Colours;
			sourceTree = "<group>";
		};
		7D3D1966252C12D100FF2C7D /* Utilities */ = {
			isa = PBXGroup;
			children = (
				7D02B803252C3D4A00A09235 /* Networking */,
				7D3D1967252C12E400FF2C7D /* Core Data */,
			);
			path = Utilities;
			sourceTree = "<group>";
		};
		7D3D1967252C12E400FF2C7D /* Core Data */ = {
			isa = PBXGroup;
			children = (
				F4BC77F92119306200F1C758 /* XPack.xcdatamodeld */,
				7D876774212121CD00B0CE21 /* CoreDataHelper.swift */,
			);
			path = "Core Data";
			sourceTree = "<group>";
		};
		7D87676E21211E8900B0CE21 /* History */ = {
			isa = PBXGroup;
			children = (
				7D87677221211F1800B0CE21 /* HistoryTableViewController.swift */,
			);
			path = History;
			sourceTree = "<group>";
		};
		7DB29A682123C2D200C4538B /* HistoryDetail */ = {
			isa = PBXGroup;
			children = (
				7DB29A692123C2EB00C4538B /* HistoryDetailCollectionViewController.swift */,
				7DB29A6B2123C5BD00C4538B /* HistoryDetail.storyboard */,
				7DB29A9421241EF400C4538B /* HistoryDetailCollectionHeader.swift */,
				7DB29A6D2123C66F00C4538B /* HistoryDetailCollectionViewCell.swift */,
			);
			path = HistoryDetail;
			sourceTree = "<group>";
		};
		F40741F92117E23C00F6CD12 = {
			isa = PBXGroup;
			children = (
				7D02B806252C40B900A09235 /* .gitignore */,
				F40742042117E23C00F6CD12 /* XPack2 */,
				F40742032117E23C00F6CD12 /* Products */,
			);
			sourceTree = "<group>";
		};
		F40742032117E23C00F6CD12 /* Products */ = {
			isa = PBXGroup;
			children = (
				F40742022117E23C00F6CD12 /* XPack2.app */,
			);
			name = Products;
			sourceTree = "<group>";
		};
		F40742042117E23C00F6CD12 /* XPack2 */ = {
			isa = PBXGroup;
			children = (
				F40742052117E23C00F6CD12 /* AppDelegate.swift */,
				F40742092117E23C00F6CD12 /* Main.storyboard */,
				F407420E2117E23D00F6CD12 /* LaunchScreen.storyboard */,
				F40742112117E23D00F6CD12 /* Info.plist */,
				F407420C2117E23D00F6CD12 /* Assets.xcassets */,
				7D3D1963252C124A00FF2C7D /* Themes */,
				F4BC78042119497600F1C758 /* Common Model */,
				F4FE7974211A99920068674F /* Pages */,
				F4DA8AA4211EA7CF00D02626 /* Helper */,
				7D3D1966252C12D100FF2C7D /* Utilities */,
			);
			path = XPack2;
			sourceTree = "<group>";
		};
		F432E629211E761E00C6C663 /* payment */ = {
			isa = PBXGroup;
			children = (
				F432E62F211E81E100C6C663 /* PaymentMethod.storyboard */,
				F432E62A211E763C00C6C663 /* PaymentMethodViewController.swift */,
			);
			path = payment;
			sourceTree = "<group>";
		};
		F432E62C211E7AAC00C6C663 /* payment detail */ = {
			isa = PBXGroup;
			children = (
				F432E632211E81F300C6C663 /* PaymentDetail.storyboard */,
				F432E62D211E7AC200C6C663 /* PaymentDetailViewController.swift */,
			);
			path = "payment detail";
			sourceTree = "<group>";
		};
		F468E290211E863000C859DC /* Fonts */ = {
			isa = PBXGroup;
			children = (
				F4892F9F211EE22F00D5B92E /* SFCompactText-Bold.otf */,
				F4892F9D211EE22F00D5B92E /* SFCompactText-Medium.otf */,
				F4892F9E211EE22F00D5B92E /* SFCompactText-Regular.otf */,
			);
			path = Fonts;
			sourceTree = "<group>";
		};
		F4BC78042119497600F1C758 /* Common Model */ = {
			isa = PBXGroup;
			children = (
				F4F2FB5A211BE4B5003898E6 /* Customer.swift */,
				F4BC78052119499B00F1C758 /* Bowl.swift */,
				7D02B7FE252C164400A09235 /* BowlType.swift */,
				7D02B7FC252C162100A09235 /* IngredientType.swift */,
				F4F430362119960200B2B859 /* IngredientData.swift */,
			);
			path = "Common Model";
			sourceTree = "<group>";
		};
		F4DA8AA4211EA7CF00D02626 /* Helper */ = {
			isa = PBXGroup;
			children = (
				F4DA8AA2211E9BE300D02626 /* NumberHelper.swift */,
				7D02B804252C3D6500A09235 /* XPackAPIHelper.swift */,
				7D05C7A925374C5D00499D32 /* StringCryptoHelper.swift */,
			);
			path = Helper;
			sourceTree = "<group>";
		};
		F4F2FB5C211BEC2B003898E6 /* checkout */ = {
			isa = PBXGroup;
			children = (
				F4F2FB57211BE45B003898E6 /* CheckoutPage.storyboard */,
				F4F2AC84211D818A00374657 /* CheckoutViewController.swift */,
				F4F2AC86211D852900374657 /* CheckoutItemTableViewCell.swift */,
			);
			path = checkout;
			sourceTree = "<group>";
		};
		F4FE7971211A98D30068674F /* Bowl (MVC) */ = {
			isa = PBXGroup;
			children = (
				F4F4303A2119B80000B2B859 /* ChooseMenu.storyboard */,
				7D05C79E2536A9FD00499D32 /* BowlView.swift */,
				F4FE796D211A84F60068674F /* BowlDetailTableViewCell.swift */,
				F4F430382119B5ED00B2B859 /* BowlViewController.swift */,
			);
			path = "Bowl (MVC)";
			sourceTree = "<group>";
		};
		F4FE7972211A98FD0068674F /* Ingredient (MVC) */ = {
			isa = PBXGroup;
			children = (
				F4FE796F211A8D8B0068674F /* IngridientChoice.storyboard */,
				F4BC77FE2119361C00F1C758 /* IngridientSelectionViewController.swift */,
				F4BC78022119375E00F1C758 /* IngridientTableViewCell.swift */,
				E652D2F9252CC7D900EE3ACC /* IngridientChoiceView.swift */,
			);
			path = "Ingredient (MVC)";
			sourceTree = "<group>";
		};
		F4FE7973211A99200068674F /* Customer form */ = {
			isa = PBXGroup;
			children = (
				F40742072117E23C00F6CD12 /* CustomerInformationViewController.swift */,
			);
			path = "Customer form";
			sourceTree = "<group>";
		};
		F4FE7974211A99920068674F /* Pages */ = {
			isa = PBXGroup;
			children = (
				7DB29A682123C2D200C4538B /* HistoryDetail */,
				7D87676E21211E8900B0CE21 /* History */,
				F432E62C211E7AAC00C6C663 /* payment detail */,
				F432E629211E761E00C6C663 /* payment */,
				F4F2FB5C211BEC2B003898E6 /* checkout */,
				F4FE7972211A98FD0068674F /* Ingredient (MVC) */,
				F4FE7971211A98D30068674F /* Bowl (MVC) */,
				F4FE7973211A99200068674F /* Customer form */,
			);
			path = Pages;
			sourceTree = "<group>";
		};
/* End PBXGroup section */

/* Begin PBXNativeTarget section */
		F40742012117E23C00F6CD12 /* XPack2 */ = {
			isa = PBXNativeTarget;
			buildConfigurationList = F40742142117E23D00F6CD12 /* Build configuration list for PBXNativeTarget "XPack2" */;
			buildPhases = (
				F40741FE2117E23C00F6CD12 /* Sources */,
				F40741FF2117E23C00F6CD12 /* Frameworks */,
				F40742002117E23C00F6CD12 /* Resources */,
			);
			buildRules = (
			);
			dependencies = (
			);
			name = XPack2;
			productName = XPack2;
			productReference = F40742022117E23C00F6CD12 /* XPack2.app */;
			productType = "com.apple.product-type.application";
		};
/* End PBXNativeTarget section */

/* Begin PBXProject section */
		F40741FA2117E23C00F6CD12 /* Project object */ = {
			isa = PBXProject;
			attributes = {
				LastSwiftUpdateCheck = 0940;
				LastUpgradeCheck = 0940;
				ORGANIZATIONNAME = "Jazilul Athoya";
				TargetAttributes = {
					F40742012117E23C00F6CD12 = {
						CreatedOnToolsVersion = 9.4.1;
						LastSwiftMigration = 1150;
					};
				};
			};
			buildConfigurationList = F40741FD2117E23C00F6CD12 /* Build configuration list for PBXProject "XPack2" */;
			compatibilityVersion = "Xcode 9.3";
			developmentRegion = en;
			hasScannedForEncodings = 0;
			knownRegions = (
				en,
				Base,
			);
			mainGroup = F40741F92117E23C00F6CD12;
			productRefGroup = F40742032117E23C00F6CD12 /* Products */;
			projectDirPath = "";
			projectRoot = "";
			targets = (
				F40742012117E23C00F6CD12 /* XPack2 */,
			);
		};
/* End PBXProject section */

/* Begin PBXResourcesBuildPhase section */
		F40742002117E23C00F6CD12 /* Resources */ = {
			isa = PBXResourcesBuildPhase;
			buildActionMask = 2147483647;
			files = (
				F4892FA2211EE22F00D5B92E /* SFCompactText-Bold.otf in Resources */,
				F432E633211E81F300C6C663 /* PaymentDetail.storyboard in Resources */,
				F40742102117E23D00F6CD12 /* LaunchScreen.storyboard in Resources */,
				F4F2FB59211BE45B003898E6 /* CheckoutPage.storyboard in Resources */,
				F432E631211E81E100C6C663 /* PaymentMethod.storyboard in Resources */,
				7DB29A6C2123C5BD00C4538B /* HistoryDetail.storyboard in Resources */,
				F4892FA1211EE22F00D5B92E /* SFCompactText-Regular.otf in Resources */,
				F407420D2117E23D00F6CD12 /* Assets.xcassets in Resources */,
				7D02B807252C40B900A09235 /* .gitignore in Resources */,
				F4F4303C2119B80000B2B859 /* ChooseMenu.storyboard in Resources */,
				F4892FA0211EE22F00D5B92E /* SFCompactText-Medium.otf in Resources */,
				F4FE7970211A8D8B0068674F /* IngridientChoice.storyboard in Resources */,
				F407420B2117E23C00F6CD12 /* Main.storyboard in Resources */,
			);
			runOnlyForDeploymentPostprocessing = 0;
		};
/* End PBXResourcesBuildPhase section */

/* Begin PBXSourcesBuildPhase section */
		F40741FE2117E23C00F6CD12 /* Sources */ = {
			isa = PBXSourcesBuildPhase;
			buildActionMask = 2147483647;
			files = (
				7DB29A9521241EF400C4538B /* HistoryDetailCollectionHeader.swift in Sources */,
				7D02B7FF252C164400A09235 /* BowlType.swift in Sources */,
				F40742082117E23C00F6CD12 /* CustomerInformationViewController.swift in Sources */,
				7D05C7A825374C2500499D32 /* Resources.swift in Sources */,
				F432E628211E712A00C6C663 /* XPackColours.swift in Sources */,
				F432E62E211E7AC200C6C663 /* PaymentDetailViewController.swift in Sources */,
				7D876775212121CD00B0CE21 /* CoreDataHelper.swift in Sources */,
				F4F2AC87211D852900374657 /* CheckoutItemTableViewCell.swift in Sources */,
				7D87677321211F1800B0CE21 /* HistoryTableViewController.swift in Sources */,
				7D05C7AA25374C5D00499D32 /* StringCryptoHelper.swift in Sources */,
				7D02B7FD252C162100A09235 /* IngredientType.swift in Sources */,
				F4F2AC85211D818A00374657 /* CheckoutViewController.swift in Sources */,
				F4BC78062119499B00F1C758 /* Bowl.swift in Sources */,
				F4BC78032119375E00F1C758 /* IngridientTableViewCell.swift in Sources */,
				F4BC77FF2119361C00F1C758 /* IngridientSelectionViewController.swift in Sources */,
				7DB29A6A2123C2EB00C4538B /* HistoryDetailCollectionViewController.swift in Sources */,
				7D05C79F2536A9FD00499D32 /* BowlView.swift in Sources */,
				F4BC77FB2119306200F1C758 /* XPack.xcdatamodeld in Sources */,
				F4F430392119B5ED00B2B859 /* BowlViewController.swift in Sources */,
				7D05C7B125374D2800499D32 /* Sample1.swift in Sources */,
				F4F2FB5B211BE4B5003898E6 /* Customer.swift in Sources */,
				F4FE796E211A84F60068674F /* BowlDetailTableViewCell.swift in Sources */,
				F4F430372119960200B2B859 /* IngredientData.swift in Sources */,
				7D05C7AE25374D0100499D32 /* URLRequest-Extension.swift in Sources */,
				F432E62B211E763C00C6C663 /* PaymentMethodViewController.swift in Sources */,
				7D02B805252C3D6500A09235 /* XPackAPIHelper.swift in Sources */,
				7D87676D21211C4A00B0CE21 /* XPackCustomNavigation.swift in Sources */,
				7D05C7A525374BE900499D32 /* WebService.swift in Sources */,
				7D05C7AC25374C8400499D32 /* Cache.swift in Sources */,
				F4DA8AA3211E9BE300D02626 /* NumberHelper.swift in Sources */,
				F40742062117E23C00F6CD12 /* AppDelegate.swift in Sources */,
				E652D2FA252CC7D900EE3ACC /* IngridientChoiceView.swift in Sources */,
				7DB29A6E2123C66F00C4538B /* HistoryDetailCollectionViewCell.swift in Sources */,
				7D05C7A3253749B600499D32 /* XPackModal.swift in Sources */,
			);
			runOnlyForDeploymentPostprocessing = 0;
		};
/* End PBXSourcesBuildPhase section */

/* Begin PBXVariantGroup section */
		F40742092117E23C00F6CD12 /* Main.storyboard */ = {
			isa = PBXVariantGroup;
			children = (
				F407420A2117E23C00F6CD12 /* Base */,
			);
			name = Main.storyboard;
			sourceTree = "<group>";
		};
		F407420E2117E23D00F6CD12 /* LaunchScreen.storyboard */ = {
			isa = PBXVariantGroup;
			children = (
				F407420F2117E23D00F6CD12 /* Base */,
			);
			name = LaunchScreen.storyboard;
			sourceTree = "<group>";
		};
		F432E62F211E81E100C6C663 /* PaymentMethod.storyboard */ = {
			isa = PBXVariantGroup;
			children = (
				F432E630211E81E100C6C663 /* Base */,
			);
			name = PaymentMethod.storyboard;
			sourceTree = "<group>";
		};
		F4F2FB57211BE45B003898E6 /* CheckoutPage.storyboard */ = {
			isa = PBXVariantGroup;
			children = (
				F4F2FB58211BE45B003898E6 /* Base */,
			);
			name = CheckoutPage.storyboard;
			sourceTree = "<group>";
		};
		F4F4303A2119B80000B2B859 /* ChooseMenu.storyboard */ = {
			isa = PBXVariantGroup;
			children = (
				F4F4303B2119B80000B2B859 /* Base */,
			);
			name = ChooseMenu.storyboard;
			sourceTree = "<group>";
		};
/* End PBXVariantGroup section */

/* Begin XCBuildConfiguration section */
		F40742122117E23D00F6CD12 /* Debug */ = {
			isa = XCBuildConfiguration;
			buildSettings = {
				ALWAYS_SEARCH_USER_PATHS = NO;
				CLANG_ANALYZER_NONNULL = YES;
				CLANG_ANALYZER_NUMBER_OBJECT_CONVERSION = YES_AGGRESSIVE;
				CLANG_CXX_LANGUAGE_STANDARD = "gnu++14";
				CLANG_CXX_LIBRARY = "libc++";
				CLANG_ENABLE_MODULES = YES;
				CLANG_ENABLE_OBJC_ARC = YES;
				CLANG_ENABLE_OBJC_WEAK = YES;
				CLANG_WARN_BLOCK_CAPTURE_AUTORELEASING = YES;
				CLANG_WARN_BOOL_CONVERSION = YES;
				CLANG_WARN_COMMA = YES;
				CLANG_WARN_CONSTANT_CONVERSION = YES;
				CLANG_WARN_DEPRECATED_OBJC_IMPLEMENTATIONS = YES;
				CLANG_WARN_DIRECT_OBJC_ISA_USAGE = YES_ERROR;
				CLANG_WARN_DOCUMENTATION_COMMENTS = YES;
				CLANG_WARN_EMPTY_BODY = YES;
				CLANG_WARN_ENUM_CONVERSION = YES;
				CLANG_WARN_INFINITE_RECURSION = YES;
				CLANG_WARN_INT_CONVERSION = YES;
				CLANG_WARN_NON_LITERAL_NULL_CONVERSION = YES;
				CLANG_WARN_OBJC_IMPLICIT_RETAIN_SELF = YES;
				CLANG_WARN_OBJC_LITERAL_CONVERSION = YES;
				CLANG_WARN_OBJC_ROOT_CLASS = YES_ERROR;
				CLANG_WARN_RANGE_LOOP_ANALYSIS = YES;
				CLANG_WARN_STRICT_PROTOTYPES = YES;
				CLANG_WARN_SUSPICIOUS_MOVE = YES;
				CLANG_WARN_UNGUARDED_AVAILABILITY = YES_AGGRESSIVE;
				CLANG_WARN_UNREACHABLE_CODE = YES;
				CLANG_WARN__DUPLICATE_METHOD_MATCH = YES;
				CODE_SIGN_IDENTITY = "iPhone Developer";
				COPY_PHASE_STRIP = NO;
				DEBUG_INFORMATION_FORMAT = dwarf;
				ENABLE_STRICT_OBJC_MSGSEND = YES;
				ENABLE_TESTABILITY = YES;
				GCC_C_LANGUAGE_STANDARD = gnu11;
				GCC_DYNAMIC_NO_PIC = NO;
				GCC_NO_COMMON_BLOCKS = YES;
				GCC_OPTIMIZATION_LEVEL = 0;
				GCC_PREPROCESSOR_DEFINITIONS = (
					"DEBUG=1",
					"$(inherited)",
				);
				GCC_WARN_64_TO_32_BIT_CONVERSION = YES;
				GCC_WARN_ABOUT_RETURN_TYPE = YES_ERROR;
				GCC_WARN_UNDECLARED_SELECTOR = YES;
				GCC_WARN_UNINITIALIZED_AUTOS = YES_AGGRESSIVE;
				GCC_WARN_UNUSED_FUNCTION = YES;
				GCC_WARN_UNUSED_VARIABLE = YES;
				IPHONEOS_DEPLOYMENT_TARGET = 11.4;
				MTL_ENABLE_DEBUG_INFO = YES;
				ONLY_ACTIVE_ARCH = YES;
				SDKROOT = iphoneos;
				SWIFT_ACTIVE_COMPILATION_CONDITIONS = DEBUG;
				SWIFT_OPTIMIZATION_LEVEL = "-Onone";
			};
			name = Debug;
		};
		F40742132117E23D00F6CD12 /* Release */ = {
			isa = XCBuildConfiguration;
			buildSettings = {
				ALWAYS_SEARCH_USER_PATHS = NO;
				CLANG_ANALYZER_NONNULL = YES;
				CLANG_ANALYZER_NUMBER_OBJECT_CONVERSION = YES_AGGRESSIVE;
				CLANG_CXX_LANGUAGE_STANDARD = "gnu++14";
				CLANG_CXX_LIBRARY = "libc++";
				CLANG_ENABLE_MODULES = YES;
				CLANG_ENABLE_OBJC_ARC = YES;
				CLANG_ENABLE_OBJC_WEAK = YES;
				CLANG_WARN_BLOCK_CAPTURE_AUTORELEASING = YES;
				CLANG_WARN_BOOL_CONVERSION = YES;
				CLANG_WARN_COMMA = YES;
				CLANG_WARN_CONSTANT_CONVERSION = YES;
				CLANG_WARN_DEPRECATED_OBJC_IMPLEMENTATIONS = YES;
				CLANG_WARN_DIRECT_OBJC_ISA_USAGE = YES_ERROR;
				CLANG_WARN_DOCUMENTATION_COMMENTS = YES;
				CLANG_WARN_EMPTY_BODY = YES;
				CLANG_WARN_ENUM_CONVERSION = YES;
				CLANG_WARN_INFINITE_RECURSION = YES;
				CLANG_WARN_INT_CONVERSION = YES;
				CLANG_WARN_NON_LITERAL_NULL_CONVERSION = YES;
				CLANG_WARN_OBJC_IMPLICIT_RETAIN_SELF = YES;
				CLANG_WARN_OBJC_LITERAL_CONVERSION = YES;
				CLANG_WARN_OBJC_ROOT_CLASS = YES_ERROR;
				CLANG_WARN_RANGE_LOOP_ANALYSIS = YES;
				CLANG_WARN_STRICT_PROTOTYPES = YES;
				CLANG_WARN_SUSPICIOUS_MOVE = YES;
				CLANG_WARN_UNGUARDED_AVAILABILITY = YES_AGGRESSIVE;
				CLANG_WARN_UNREACHABLE_CODE = YES;
				CLANG_WARN__DUPLICATE_METHOD_MATCH = YES;
				CODE_SIGN_IDENTITY = "iPhone Developer";
				COPY_PHASE_STRIP = NO;
				DEBUG_INFORMATION_FORMAT = "dwarf-with-dsym";
				ENABLE_NS_ASSERTIONS = NO;
				ENABLE_STRICT_OBJC_MSGSEND = YES;
				GCC_C_LANGUAGE_STANDARD = gnu11;
				GCC_NO_COMMON_BLOCKS = YES;
				GCC_WARN_64_TO_32_BIT_CONVERSION = YES;
				GCC_WARN_ABOUT_RETURN_TYPE = YES_ERROR;
				GCC_WARN_UNDECLARED_SELECTOR = YES;
				GCC_WARN_UNINITIALIZED_AUTOS = YES_AGGRESSIVE;
				GCC_WARN_UNUSED_FUNCTION = YES;
				GCC_WARN_UNUSED_VARIABLE = YES;
				IPHONEOS_DEPLOYMENT_TARGET = 11.4;
				MTL_ENABLE_DEBUG_INFO = NO;
				SDKROOT = iphoneos;
				SWIFT_COMPILATION_MODE = wholemodule;
				SWIFT_OPTIMIZATION_LEVEL = "-O";
				VALIDATE_PRODUCT = YES;
			};
			name = Release;
		};
		F40742152117E23D00F6CD12 /* Debug */ = {
			isa = XCBuildConfiguration;
			buildSettings = {
				ASSETCATALOG_COMPILER_APPICON_NAME = AppIcon;
				CODE_SIGN_STYLE = Automatic;
				INFOPLIST_FILE = XPack2/Info.plist;
				LD_RUNPATH_SEARCH_PATHS = (
					"$(inherited)",
					"@executable_path/Frameworks",
				);
				PRODUCT_BUNDLE_IDENTIFIER = com.athoya.XPack2;
				PRODUCT_NAME = "$(TARGET_NAME)";
				SWIFT_VERSION = 5.0;
				TARGETED_DEVICE_FAMILY = "1,2";
			};
			name = Debug;
		};
		F40742162117E23D00F6CD12 /* Release */ = {
			isa = XCBuildConfiguration;
			buildSettings = {
				ASSETCATALOG_COMPILER_APPICON_NAME = AppIcon;
				CODE_SIGN_STYLE = Automatic;
				INFOPLIST_FILE = XPack2/Info.plist;
				LD_RUNPATH_SEARCH_PATHS = (
					"$(inherited)",
					"@executable_path/Frameworks",
				);
				PRODUCT_BUNDLE_IDENTIFIER = com.athoya.XPack2;
				PRODUCT_NAME = "$(TARGET_NAME)";
				SWIFT_VERSION = 5.0;
				TARGETED_DEVICE_FAMILY = "1,2";
			};
			name = Release;
		};
/* End XCBuildConfiguration section */

/* Begin XCConfigurationList section */
		F40741FD2117E23C00F6CD12 /* Build configuration list for PBXProject "XPack2" */ = {
			isa = XCConfigurationList;
			buildConfigurations = (
				F40742122117E23D00F6CD12 /* Debug */,
				F40742132117E23D00F6CD12 /* Release */,
			);
			defaultConfigurationIsVisible = 0;
			defaultConfigurationName = Release;
		};
		F40742142117E23D00F6CD12 /* Build configuration list for PBXNativeTarget "XPack2" */ = {
			isa = XCConfigurationList;
			buildConfigurations = (
				F40742152117E23D00F6CD12 /* Debug */,
				F40742162117E23D00F6CD12 /* Release */,
			);
			defaultConfigurationIsVisible = 0;
			defaultConfigurationName = Release;
		};
/* End XCConfigurationList section */

/* Begin XCVersionGroup section */
		F4BC77F92119306200F1C758 /* XPack.xcdatamodeld */ = {
			isa = XCVersionGroup;
			children = (
				F4BC77FA2119306200F1C758 /* XPack.xcdatamodel */,
			);
			currentVersion = F4BC77FA2119306200F1C758 /* XPack.xcdatamodel */;
			path = XPack.xcdatamodeld;
			sourceTree = "<group>";
			versionGroupType = wrapper.xcdatamodel;
		};
/* End XCVersionGroup section */
	};
	rootObject = F40741FA2117E23C00F6CD12 /* Project object */;
}
